Microsoft Visual Studio Solution File, Format Version 12.00
# Visual Studio Version 17
VisualStudioVersion = 17.5.2.0
MinimumVisualStudioVersion = 10.0.40219.1
Project("{FAE04EC0-301F-11D3-BF4B-00C04F79EFBC}") = "AzAppService-test", "AzAppService-test.csproj", "{5CA6922D-EC46-CB3C-183A-9D82C65BD89F}"
EndProject
Global
	GlobalSection(SolutionConfigurationPlatforms) = preSolution
		Debug|Any CPU = Debug|Any CPU
		Release|Any CPU = Release|Any CPU
	EndGlobalSection
	GlobalSection(ProjectConfigurationPlatforms) = postSolution
		{5CA6922D-EC46-CB3C-183A-9D82C65BD89F}.Debug|Any CPU.ActiveCfg = Debug|Any CPU
		{5CA6922D-EC46-CB3C-183A-9D82C65BD89F}.Debug|Any CPU.Build.0 = Debug|Any CPU
		{5CA6922D-EC46-CB3C-183A-9D82C65BD89F}.Release|Any CPU.ActiveCfg = Release|Any CPU
		{5CA6922D-EC46-CB3C-183A-9D82C65BD89F}.Release|Any CPU.Build.0 = Release|Any CPU
	EndGlobalSection
	GlobalSection(SolutionProperties) = preSolution
		HideSolutionNode = FALSE
	EndGlobalSection
	GlobalSection(ExtensibilityGlobals) = postSolution
		SolutionGuid = {0171D1A7-E59B-4AEA-BE4E-546CB33D4628}
	EndGlobalSection
EndGlobal
